
Microsoft Visual Studio Solution File, Format Version 12.00
# Visual Studio Version 17
VisualStudioVersion = 17.3.32901.215
MinimumVisualStudioVersion = 10.0.40219.1
Project("{9A19103F-16F7-4668-BE54-9A1E7A4F7556}") = "Pokedex-App", "Pokedex-App\Pokedex-App.csproj", "{08D61546-444B-43D4-9F33-D2E8142F8851}"
EndProject
Project("{FAE04EC0-301F-11D3-BF4B-00C04F79EFBC}") = "Database", "Database\Database.csproj", "{CF93698E-7FB2-4810-A9E3-6AC4353A5B8B}"
EndProject
Project("{FAE04EC0-301F-11D3-BF4B-00C04F79EFBC}") = "Application", "Application\Application.csproj", "{2E7CA953-2ABA-4903-BE0F-C0BEA299E409}"
EndProject
Global
	GlobalSection(SolutionConfigurationPlatforms) = preSolution
		Debug|Any CPU = Debug|Any CPU
		Release|Any CPU = Release|Any CPU
	EndGlobalSection
	GlobalSection(ProjectConfigurationPlatforms) = postSolution
		{08D61546-444B-43D4-9F33-D2E8142F8851}.Debug|Any CPU.ActiveCfg = Debug|Any CPU
		{08D61546-444B-43D4-9F33-D2E8142F8851}.Debug|Any CPU.Build.0 = Debug|Any CPU
		{08D61546-444B-43D4-9F33-D2E8142F8851}.Release|Any CPU.ActiveCfg = Release|Any CPU
		{08D61546-444B-43D4-9F33-D2E8142F8851}.Release|Any CPU.Build.0 = Release|Any CPU
		{CF93698E-7FB2-4810-A9E3-6AC4353A5B8B}.Debug|Any CPU.ActiveCfg = Debug|Any CPU
		{CF93698E-7FB2-4810-A9E3-6AC4353A5B8B}.Debug|Any CPU.Build.0 = Debug|Any CPU
		{CF93698E-7FB2-4810-A9E3-6AC4353A5B8B}.Release|Any CPU.ActiveCfg = Release|Any CPU
		{CF93698E-7FB2-4810-A9E3-6AC4353A5B8B}.Release|Any CPU.Build.0 = Release|Any CPU
		{2E7CA953-2ABA-4903-BE0F-C0BEA299E409}.Debug|Any CPU.ActiveCfg = Debug|Any CPU
		{2E7CA953-2ABA-4903-BE0F-C0BEA299E409}.Debug|Any CPU.Build.0 = Debug|Any CPU
		{2E7CA953-2ABA-4903-BE0F-C0BEA299E409}.Release|Any CPU.ActiveCfg = Release|Any CPU
		{2E7CA953-2ABA-4903-BE0F-C0BEA299E409}.Release|Any CPU.Build.0 = Release|Any CPU
	EndGlobalSection
	GlobalSection(SolutionProperties) = preSolution
		HideSolutionNode = FALSE
	EndGlobalSection
	GlobalSection(ExtensibilityGlobals) = postSolution
		SolutionGuid = {31C10B6E-092B-4312-9DE4-45E9AAA69601}
	EndGlobalSection
EndGlobal
